Microsoft Visual Studio Solution File, Format Version 12.00
# Visual Studio Version 17
VisualStudioVersion = 17.5.2.0
MinimumVisualStudioVersion = 10.0.40219.1
Project("{FAE04EC0-301F-11D3-BF4B-00C04F79EFBC}") = "MorpionGame", "MorpionGame.csproj", "{2D69ABDF-3024-598E-38A0-11F2E9FEBC95}"
EndProject
Global
	GlobalSection(SolutionConfigurationPlatforms) = preSolution
		Debug|Any CPU = Debug|Any CPU
		Release|Any CPU = Release|Any CPU
	EndGlobalSection
	GlobalSection(ProjectConfigurationPlatforms) = postSolution
		{2D69ABDF-3024-598E-38A0-11F2E9FEBC95}.Debug|Any CPU.ActiveCfg = Debug|Any CPU
		{2D69ABDF-3024-598E-38A0-11F2E9FEBC95}.Debug|Any CPU.Build.0 = Debug|Any CPU
		{2D69ABDF-3024-598E-38A0-11F2E9FEBC95}.Release|Any CPU.ActiveCfg = Release|Any CPU
		{2D69ABDF-3024-598E-38A0-11F2E9FEBC95}.Release|Any CPU.Build.0 = Release|Any CPU
	EndGlobalSection
	GlobalSection(SolutionProperties) = preSolution
		HideSolutionNode = FALSE
	EndGlobalSection
	GlobalSection(ExtensibilityGlobals) = postSolution
		SolutionGuid = {B495B001-62C9-4435-82C5-F964B3D31056}
	EndGlobalSection
EndGlobal
